
Microsoft Visual Studio Solution File, Format Version 12.00
# Visual Studio Version 17
VisualStudioVersion = 17.0.32014.148
MinimumVisualStudioVersion = 10.0.40219.1
Project("{FAE04EC0-301F-11D3-BF4B-00C04F79EFBC}") = "Lab-9task-01", "Lab-9task-01.csproj", "{656B61C2-A7FC-4074-988C-1120243210E4}"
EndProject
Global
	GlobalSection(SolutionConfigurationPlatforms) = preSolution
		Debug|Any CPU = Debug|Any CPU
		Release|Any CPU = Release|Any CPU
	EndGlobalSection
	GlobalSection(ProjectConfigurationPlatforms) = postSolution
		{656B61C2-A7FC-4074-988C-1120243210E4}.Debug|Any CPU.ActiveCfg = Debug|Any CPU
		{656B61C2-A7FC-4074-988C-1120243210E4}.Debug|Any CPU.Build.0 = Debug|Any CPU
		{656B61C2-A7FC-4074-988C-1120243210E4}.Release|Any CPU.ActiveCfg = Release|Any CPU
		{656B61C2-A7FC-4074-988C-1120243210E4}.Release|Any CPU.Build.0 = Release|Any CPU
	EndGlobalSection
	GlobalSection(SolutionProperties) = preSolution
		HideSolutionNode = FALSE
	EndGlobalSection
	GlobalSection(ExtensibilityGlobals) = postSolution
		SolutionGuid = {42BE93C9-0C0B-4571-A581-EE6C69028416}
	EndGlobalSection
EndGlobal
