
Microsoft Visual Studio Solution File, Format Version 12.00
# Visual Studio Version 17
VisualStudioVersion = 17.0.31912.275
MinimumVisualStudioVersion = 10.0.40219.1
Project("{FAE04EC0-301F-11D3-BF4B-00C04F79EFBC}") = "Car Rental System", "Car Rental System.csproj", "{8FC4B6F6-673B-4DB6-ACD7-09201C4308A1}"
EndProject
Global
	GlobalSection(SolutionConfigurationPlatforms) = preSolution
		Debug|Any CPU = Debug|Any CPU
		Release|Any CPU = Release|Any CPU
	EndGlobalSection
	GlobalSection(ProjectConfigurationPlatforms) = postSolution
		{8FC4B6F6-673B-4DB6-ACD7-09201C4308A1}.Debug|Any CPU.ActiveCfg = Debug|Any CPU
		{8FC4B6F6-673B-4DB6-ACD7-09201C4308A1}.Debug|Any CPU.Build.0 = Debug|Any CPU
		{8FC4B6F6-673B-4DB6-ACD7-09201C4308A1}.Release|Any CPU.ActiveCfg = Release|Any CPU
		{8FC4B6F6-673B-4DB6-ACD7-09201C4308A1}.Release|Any CPU.Build.0 = Release|Any CPU
	EndGlobalSection
	GlobalSection(SolutionProperties) = preSolution
		HideSolutionNode = FALSE
	EndGlobalSection
	GlobalSection(ExtensibilityGlobals) = postSolution
		SolutionGuid = {7DCCEEE0-4B9F-45A4-B216-8260937AB7BC}
	EndGlobalSection
EndGlobal
